{
  "nodes": {
    "flake-utils": {
      "locked": {
        "lastModified": 1634851050,
        "narHash": "sha256-N83GlSGPJJdcqhUxSCS/WwW5pksYf3VP1M13cDRTSVA=",
        "owner": "numtide",
        "repo": "flake-utils",
        "rev": "c91f3de5adaf1de973b797ef7485e441a65b8935",
        "type": "github"
      },
      "original": {
        "owner": "numtide",
        "repo": "flake-utils",
        "type": "github"
      }
    },
    "flake-utils_2": {
      "locked": {
        "lastModified": 1659877975,
        "narHash": "sha256-zllb8aq3YO3h8B/U0/J1WBgAL8EX5yWf5pMj3G0NAmc=",
        "owner": "numtide",
        "repo": "flake-utils",
        "rev": "c0e246b9b83f637f4681389ecabcb2681b4f3af0",
        "type": "github"
      },
      "original": {
        "owner": "numtide",
        "repo": "flake-utils",
        "type": "github"
      }
    },
    "flake-utils_3": {
      "locked": {
        "lastModified": 1659877975,
        "narHash": "sha256-zllb8aq3YO3h8B/U0/J1WBgAL8EX5yWf5pMj3G0NAmc=",
        "owner": "numtide",
        "repo": "flake-utils",
        "rev": "c0e246b9b83f637f4681389ecabcb2681b4f3af0",
        "type": "github"
      },
      "original": {
        "owner": "numtide",
        "repo": "flake-utils",
        "type": "github"
      }
    },
    "go_1_18-darwin-aarch64": {
      "flake": false,
      "locked": {
        "narHash": "sha256-SzX0Az93akhsSPkhWtaCqDCnr+zkX7PQvLIuOeXkJm8=",
        "type": "tarball",
        "url": "https://go.dev/dl/go1.18.darwin-arm64.tar.gz"
      },
      "original": {
        "type": "tarball",
        "url": "https://go.dev/dl/go1.18.darwin-arm64.tar.gz"
      }
    },
    "go_1_19-darwin-aarch64": {
      "flake": false,
      "locked": {
        "narHash": "sha256-HvJ6F/PbB65CoOU+BtfWEHr36J3GQqXTCG0Sa3y5TaY=",
        "type": "tarball",
        "url": "https://go.dev/dl/go1.19.darwin-arm64.tar.gz"
      },
      "original": {
        "type": "tarball",
        "url": "https://go.dev/dl/go1.19.darwin-arm64.tar.gz"
      }
    },
    "golang-flake": {
      "inputs": {
        "flake-utils": "flake-utils_2",
        "go_1_18-darwin-aarch64": "go_1_18-darwin-aarch64",
        "go_1_19-darwin-aarch64": "go_1_19-darwin-aarch64",
        "nixpkgs": "nixpkgs"
      },
      "locked": {
        "lastModified": 1660843235,
        "narHash": "sha256-8TYv/pBLyhuB6k9SJZrB7D56RXysrN5L5x2qD9CBuZI=",
        "owner": "marcopolo",
        "repo": "golang-flake",
        "rev": "0f2c4f9d58f33148724fed8c15665d29d17141b0",
        "type": "github"
      },
      "original": {
        "owner": "marcopolo",
        "repo": "golang-flake",
        "type": "github"
      }
    },
    "nixpkgs": {
      "locked": {
        "lastModified": 1659446231,
        "narHash": "sha256-hekabNdTdgR/iLsgce5TGWmfIDZ86qjPhxDg/8TlzhE=",
        "owner": "NixOS",
        "repo": "nixpkgs",
        "rev": "eabc38219184cc3e04a974fe31857d8e0eac098d",
        "type": "github"
      },
      "original": {
        "id": "nixpkgs",
        "type": "indirect"
      }
    },
    "nixpkgs-darwin": {
      "locked": {
        "lastModified": 1675730325,
        "narHash": "sha256-uNvD7fzO5hNlltNQUAFBPlcEjNG5Gkbhl/ROiX+GZU4=",
        "owner": "nixos",
        "repo": "nixpkgs",
        "rev": "b7ce17b1ebf600a72178f6302c77b6382d09323f",
        "type": "github"
      },
      "original": {
        "owner": "nixos",
        "ref": "nixpkgs-22.11-darwin",
        "repo": "nixpkgs",
        "type": "github"
      }
    },
    "nixpkgs-unstable": {
      "locked": {
        "lastModified": 1648632716,
        "narHash": "sha256-kCmnDeiaMsdhfnNKjxdOzwRh2H6eQb8yWAL+nNabC/Y=",
        "owner": "nixos",
        "repo": "nixpkgs",
        "rev": "710fed5a2483f945b14f4a58af2cd3676b42d8c8",
        "type": "github"
      },
      "original": {
        "owner": "nixos",
        "ref": "nixos-unstable",
        "repo": "nixpkgs",
        "type": "github"
      }
    },
    "nixpkgs_2": {
      "locked": {
        "lastModified": 1674665771,
        "narHash": "sha256-NebRCVU3XFelpXVciaPrJfFjy1QT7MnToePPZ8cxz58=",
        "owner": "nixos",
        "repo": "nixpkgs",
        "rev": "6ddce71da0dd99c2ce131875dcd21c579ce2d852",
        "type": "github"
      },
      "original": {
        "owner": "nixos",
        "ref": "release-22.11",
        "repo": "nixpkgs",
        "type": "github"
      }
    },
    "nixpkgs_3": {
      "locked": {
        "lastModified": 1665296151,
        "narHash": "sha256-uOB0oxqxN9K7XGF1hcnY+PQnlQJ+3bP2vCn/+Ru/bbc=",
        "owner": "NixOS",
        "repo": "nixpkgs",
        "rev": "14ccaaedd95a488dd7ae142757884d8e125b3363",
        "type": "github"
      },
      "original": {
        "owner": "NixOS",
        "ref": "nixpkgs-unstable",
        "repo": "nixpkgs",
        "type": "github"
      }
    },
    "root": {
      "inputs": {
        "flake-utils": "flake-utils",
        "golang-flake": "golang-flake",
        "nixpkgs": "nixpkgs_2",
        "nixpkgs-darwin": "nixpkgs-darwin",
        "nixpkgs-unstable": "nixpkgs-unstable",
        "rust-overlay": "rust-overlay"
      }
    },
    "rust-overlay": {
      "inputs": {
        "flake-utils": "flake-utils_3",
        "nixpkgs": "nixpkgs_3"
      },
      "locked": {
        "lastModified": 1675304959,
        "narHash": "sha256-SQNtt71uT++7F3+kHOZ9PEThswk0MnEt6zO2xJdUo/o=",
        "owner": "oxalica",
        "repo": "rust-overlay",
        "rev": "61ec735acfb1f549237bc525da355bd0b9cc70a3",
        "type": "github"
      },
      "original": {
        "owner": "oxalica",
        "repo": "rust-overlay",
        "type": "github"
      }
    }
  },
  "root": "root",
  "version": 7
}
